// !$*UTF8*$!
{
	archiveVersion = 1;
	classes = {
	};
	objectVersion = 50;
	objects = {

/* Begin PBXBuildFile section */
		5B99BD562500C3CE00D2FB4C /* AppDelegate.swift in Sources */ = {isa = PBXBuildFile; fileRef = 5B99BD552500C3CE00D2FB4C /* AppDelegate.swift */; };
		5B99BD582500C3CE00D2FB4C /* SceneDelegate.swift in Sources */ = {isa = PBXBuildFile; fileRef = 5B99BD572500C3CE00D2FB4C /* SceneDelegate.swift */; };
		5B99BD5B2500C3CE00D2FB4C /* Weatherly.xcdatamodeld in Sources */ = {isa = PBXBuildFile; fileRef = 5B99BD592500C3CE00D2FB4C /* Weatherly.xcdatamodeld */; };
		5B99BD5D2500C3CE00D2FB4C /* MainView.swift in Sources */ = {isa = PBXBuildFile; fileRef = 5B99BD5C2500C3CE00D2FB4C /* MainView.swift */; };
		5B99BD5F2500C3D100D2FB4C /* Assets.xcassets in Resources */ = {isa = PBXBuildFile; fileRef = 5B99BD5E2500C3D100D2FB4C /* Assets.xcassets */; };
		5B99BD622500C3D100D2FB4C /* Preview Assets.xcassets in Resources */ = {isa = PBXBuildFile; fileRef = 5B99BD612500C3D100D2FB4C /* Preview Assets.xcassets */; };
		5B99BD652500C3D100D2FB4C /* LaunchScreen.storyboard in Resources */ = {isa = PBXBuildFile; fileRef = 5B99BD632500C3D100D2FB4C /* LaunchScreen.storyboard */; };
		5B99BD722500C80900D2FB4C /* WeatherViewModel.swift in Sources */ = {isa = PBXBuildFile; fileRef = 5B99BD712500C80900D2FB4C /* WeatherViewModel.swift */; };
		5B99BD742500CAC200D2FB4C /* WeatherView.swift in Sources */ = {isa = PBXBuildFile; fileRef = 5B99BD732500CAC200D2FB4C /* WeatherView.swift */; };
		5B99BD762500CADD00D2FB4C /* ForecastView.swift in Sources */ = {isa = PBXBuildFile; fileRef = 5B99BD752500CADD00D2FB4C /* ForecastView.swift */; };
		5B99BD782500CC8100D2FB4C /* Weather.swift in Sources */ = {isa = PBXBuildFile; fileRef = 5B99BD772500CC8100D2FB4C /* Weather.swift */; };
		5B99BD7A2500E43A00D2FB4C /* Coordinates.swift in Sources */ = {isa = PBXBuildFile; fileRef = 5B99BD792500E43A00D2FB4C /* Coordinates.swift */; };
		5B99BD7C2500E4A700D2FB4C /* WeatherCondition.swift in Sources */ = {isa = PBXBuildFile; fileRef = 5B99BD7B2500E4A700D2FB4C /* WeatherCondition.swift */; };
		5B99BD7E2500E56F00D2FB4C /* WeatherParameters.swift in Sources */ = {isa = PBXBuildFile; fileRef = 5B99BD7D2500E56F00D2FB4C /* WeatherParameters.swift */; };
		5B99BD802500E68300D2FB4C /* Wind.swift in Sources */ = {isa = PBXBuildFile; fileRef = 5B99BD7F2500E68300D2FB4C /* Wind.swift */; };
		5B99BD822500E6D100D2FB4C /* Cloudiness.swift in Sources */ = {isa = PBXBuildFile; fileRef = 5B99BD812500E6D100D2FB4C /* Cloudiness.swift */; };
		5B99BD842500ECEB00D2FB4C /* OpenWeatherAPIClient.swift in Sources */ = {isa = PBXBuildFile; fileRef = 5B99BD832500ECEB00D2FB4C /* OpenWeatherAPIClient.swift */; };
/* End PBXBuildFile section */

/* Begin PBXFileReference section */
		5B99BD522500C3CE00D2FB4C /* Weatherly.app */ = {isa = PBXFileReference; explicitFileType = wrapper.application; includeInIndex = 0; path = Weatherly.app; sourceTree = BUILT_PRODUCTS_DIR; };
		5B99BD552500C3CE00D2FB4C /* AppDelegate.swift */ = {isa = PBXFileReference; lastKnownFileType = sourcecode.swift; path = AppDelegate.swift; sourceTree = "<group>"; };
		5B99BD572500C3CE00D2FB4C /* SceneDelegate.swift */ = {isa = PBXFileReference; lastKnownFileType = sourcecode.swift; path = SceneDelegate.swift; sourceTree = "<group>"; };
		5B99BD5A2500C3CE00D2FB4C /* Weatherly.xcdatamodel */ = {isa = PBXFileReference; lastKnownFileType = wrapper.xcdatamodel; path = Weatherly.xcdatamodel; sourceTree = "<group>"; };
		5B99BD5C2500C3CE00D2FB4C /* MainView.swift */ = {isa = PBXFileReference; lastKnownFileType = sourcecode.swift; path = MainView.swift; sourceTree = "<group>"; };
		5B99BD5E2500C3D100D2FB4C /* Assets.xcassets */ = {isa = PBXFileReference; lastKnownFileType = folder.assetcatalog; path = Assets.xcassets; sourceTree = "<group>"; };
		5B99BD612500C3D100D2FB4C /* Preview Assets.xcassets */ = {isa = PBXFileReference; lastKnownFileType = folder.assetcatalog; path = "Preview Assets.xcassets"; sourceTree = "<group>"; };
		5B99BD642500C3D100D2FB4C /* Base */ = {isa = PBXFileReference; lastKnownFileType = file.storyboard; name = Base; path = Base.lproj/LaunchScreen.storyboard; sourceTree = "<group>"; };
		5B99BD662500C3D100D2FB4C /* Info.plist */ = {isa = PBXFileReference; lastKnownFileType = text.plist.xml; path = Info.plist; sourceTree = "<group>"; };
		5B99BD712500C80900D2FB4C /* WeatherViewModel.swift */ = {isa = PBXFileReference; lastKnownFileType = sourcecode.swift; path = WeatherViewModel.swift; sourceTree = "<group>"; };
		5B99BD732500CAC200D2FB4C /* WeatherView.swift */ = {isa = PBXFileReference; lastKnownFileType = sourcecode.swift; path = WeatherView.swift; sourceTree = "<group>"; };
		5B99BD752500CADD00D2FB4C /* ForecastView.swift */ = {isa = PBXFileReference; lastKnownFileType = sourcecode.swift; path = ForecastView.swift; sourceTree = "<group>"; };
		5B99BD772500CC8100D2FB4C /* Weather.swift */ = {isa = PBXFileReference; lastKnownFileType = sourcecode.swift; path = Weather.swift; sourceTree = "<group>"; };
		5B99BD792500E43A00D2FB4C /* Coordinates.swift */ = {isa = PBXFileReference; lastKnownFileType = sourcecode.swift; path = Coordinates.swift; sourceTree = "<group>"; };
		5B99BD7B2500E4A700D2FB4C /* WeatherCondition.swift */ = {isa = PBXFileReference; lastKnownFileType = sourcecode.swift; path = WeatherCondition.swift; sourceTree = "<group>"; };
		5B99BD7D2500E56F00D2FB4C /* WeatherParameters.swift */ = {isa = PBXFileReference; lastKnownFileType = sourcecode.swift; path = WeatherParameters.swift; sourceTree = "<group>"; };
		5B99BD7F2500E68300D2FB4C /* Wind.swift */ = {isa = PBXFileReference; lastKnownFileType = sourcecode.swift; path = Wind.swift; sourceTree = "<group>"; };
		5B99BD812500E6D100D2FB4C /* Cloudiness.swift */ = {isa = PBXFileReference; lastKnownFileType = sourcecode.swift; path = Cloudiness.swift; sourceTree = "<group>"; };
		5B99BD832500ECEB00D2FB4C /* OpenWeatherAPIClient.swift */ = {isa = PBXFileReference; lastKnownFileType = sourcecode.swift; path = OpenWeatherAPIClient.swift; sourceTree = "<group>"; };
/* End PBXFileReference section */

/* Begin PBXFrameworksBuildPhase section */
		5B99BD4F2500C3CE00D2FB4C /* Frameworks */ = {
			isa = PBXFrameworksBuildPhase;
			buildActionMask = 2147483647;
			files = (
			);
			runOnlyForDeploymentPostprocessing = 0;
		};
/* End PBXFrameworksBuildPhase section */

/* Begin PBXGroup section */
		5B99BD492500C3CE00D2FB4C = {
			isa = PBXGroup;
			children = (
				5B99BD542500C3CE00D2FB4C /* Weatherly */,
				5B99BD532500C3CE00D2FB4C /* Products */,
			);
			sourceTree = "<group>";
		};
		5B99BD532500C3CE00D2FB4C /* Products */ = {
			isa = PBXGroup;
			children = (
				5B99BD522500C3CE00D2FB4C /* Weatherly.app */,
			);
			name = Products;
			sourceTree = "<group>";
		};
		5B99BD542500C3CE00D2FB4C /* Weatherly */ = {
			isa = PBXGroup;
			children = (
				5B99BD6C2500C40100D2FB4C /* App */,
				5B99BD702500C4AD00D2FB4C /* Utilities */,
				5B99BD6D2500C44B00D2FB4C /* Model */,
				5B99BD6F2500C45800D2FB4C /* View */,
				5B99BD6E2500C45100D2FB4C /* ViewModel */,
				5B99BD5E2500C3D100D2FB4C /* Assets.xcassets */,
				5B99BD662500C3D100D2FB4C /* Info.plist */,
				5B99BD592500C3CE00D2FB4C /* Weatherly.xcdatamodeld */,
				5B99BD602500C3D100D2FB4C /* Preview Content */,
			);
			path = Weatherly;
			sourceTree = "<group>";
		};
		5B99BD602500C3D100D2FB4C /* Preview Content */ = {
			isa = PBXGroup;
			children = (
				5B99BD612500C3D100D2FB4C /* Preview Assets.xcassets */,
			);
			path = "Preview Content";
			sourceTree = "<group>";
		};
		5B99BD6C2500C40100D2FB4C /* App */ = {
			isa = PBXGroup;
			children = (
				5B99BD552500C3CE00D2FB4C /* AppDelegate.swift */,
				5B99BD572500C3CE00D2FB4C /* SceneDelegate.swift */,
				5B99BD632500C3D100D2FB4C /* LaunchScreen.storyboard */,
			);
			path = App;
			sourceTree = "<group>";
		};
		5B99BD6D2500C44B00D2FB4C /* Model */ = {
			isa = PBXGroup;
			children = (
				5B99BD772500CC8100D2FB4C /* Weather.swift */,
				5B99BD792500E43A00D2FB4C /* Coordinates.swift */,
				5B99BD7B2500E4A700D2FB4C /* WeatherCondition.swift */,
				5B99BD7D2500E56F00D2FB4C /* WeatherParameters.swift */,
				5B99BD7F2500E68300D2FB4C /* Wind.swift */,
				5B99BD812500E6D100D2FB4C /* Cloudiness.swift */,
			);
			path = Model;
			sourceTree = "<group>";
		};
		5B99BD6E2500C45100D2FB4C /* ViewModel */ = {
			isa = PBXGroup;
			children = (
				5B99BD712500C80900D2FB4C /* WeatherViewModel.swift */,
			);
			path = ViewModel;
			sourceTree = "<group>";
		};
		5B99BD6F2500C45800D2FB4C /* View */ = {
			isa = PBXGroup;
			children = (
				5B99BD5C2500C3CE00D2FB4C /* MainView.swift */,
				5B99BD732500CAC200D2FB4C /* WeatherView.swift */,
				5B99BD752500CADD00D2FB4C /* ForecastView.swift */,
			);
			path = View;
			sourceTree = "<group>";
		};
		5B99BD702500C4AD00D2FB4C /* Utilities */ = {
			isa = PBXGroup;
			children = (
				5B99BD832500ECEB00D2FB4C /* OpenWeatherAPIClient.swift */,
			);
			path = Utilities;
			sourceTree = "<group>";
		};
/* End PBXGroup section */

/* Begin PBXNativeTarget section */
		5B99BD512500C3CE00D2FB4C /* Weatherly */ = {
			isa = PBXNativeTarget;
			buildConfigurationList = 5B99BD692500C3D100D2FB4C /* Build configuration list for PBXNativeTarget "Weatherly" */;
			buildPhases = (
				5B99BD4E2500C3CE00D2FB4C /* Sources */,
				5B99BD4F2500C3CE00D2FB4C /* Frameworks */,
				5B99BD502500C3CE00D2FB4C /* Resources */,
			);
			buildRules = (
			);
			dependencies = (
			);
			name = Weatherly;
			productName = Weatherly;
			productReference = 5B99BD522500C3CE00D2FB4C /* Weatherly.app */;
			productType = "com.apple.product-type.application";
		};
/* End PBXNativeTarget section */

/* Begin PBXProject section */
		5B99BD4A2500C3CE00D2FB4C /* Project object */ = {
			isa = PBXProject;
			attributes = {
				LastSwiftUpdateCheck = 1150;
				LastUpgradeCheck = 1150;
				ORGANIZATIONNAME = "Martin Ivančo";
				TargetAttributes = {
					5B99BD512500C3CE00D2FB4C = {
						CreatedOnToolsVersion = 11.5;
					};
				};
			};
			buildConfigurationList = 5B99BD4D2500C3CE00D2FB4C /* Build configuration list for PBXProject "Weatherly" */;
			compatibilityVersion = "Xcode 9.3";
			developmentRegion = en;
			hasScannedForEncodings = 0;
			knownRegions = (
				en,
				Base,
			);
			mainGroup = 5B99BD492500C3CE00D2FB4C;
			productRefGroup = 5B99BD532500C3CE00D2FB4C /* Products */;
			projectDirPath = "";
			projectRoot = "";
			targets = (
				5B99BD512500C3CE00D2FB4C /* Weatherly */,
			);
		};
/* End PBXProject section */

/* Begin PBXResourcesBuildPhase section */
		5B99BD502500C3CE00D2FB4C /* Resources */ = {
			isa = PBXResourcesBuildPhase;
			buildActionMask = 2147483647;
			files = (
				5B99BD652500C3D100D2FB4C /* LaunchScreen.storyboard in Resources */,
				5B99BD622500C3D100D2FB4C /* Preview Assets.xcassets in Resources */,
				5B99BD5F2500C3D100D2FB4C /* Assets.xcassets in Resources */,
			);
			runOnlyForDeploymentPostprocessing = 0;
		};
/* End PBXResourcesBuildPhase section */

/* Begin PBXSourcesBuildPhase section */
		5B99BD4E2500C3CE00D2FB4C /* Sources */ = {
			isa = PBXSourcesBuildPhase;
			buildActionMask = 2147483647;
			files = (
				5B99BD842500ECEB00D2FB4C /* OpenWeatherAPIClient.swift in Sources */,
				5B99BD782500CC8100D2FB4C /* Weather.swift in Sources */,
				5B99BD722500C80900D2FB4C /* WeatherViewModel.swift in Sources */,
				5B99BD562500C3CE00D2FB4C /* AppDelegate.swift in Sources */,
				5B99BD5B2500C3CE00D2FB4C /* Weatherly.xcdatamodeld in Sources */,
				5B99BD7C2500E4A700D2FB4C /* WeatherCondition.swift in Sources */,
				5B99BD7E2500E56F00D2FB4C /* WeatherParameters.swift in Sources */,
				5B99BD822500E6D100D2FB4C /* Cloudiness.swift in Sources */,
				5B99BD742500CAC200D2FB4C /* WeatherView.swift in Sources */,
				5B99BD762500CADD00D2FB4C /* ForecastView.swift in Sources */,
				5B99BD7A2500E43A00D2FB4C /* Coordinates.swift in Sources */,
				5B99BD5D2500C3CE00D2FB4C /* MainView.swift in Sources */,
				5B99BD582500C3CE00D2FB4C /* SceneDelegate.swift in Sources */,
				5B99BD802500E68300D2FB4C /* Wind.swift in Sources */,
			);
			runOnlyForDeploymentPostprocessing = 0;
		};
/* End PBXSourcesBuildPhase section */

/* Begin PBXVariantGroup section */
		5B99BD632500C3D100D2FB4C /* LaunchScreen.storyboard */ = {
			isa = PBXVariantGroup;
			children = (
				5B99BD642500C3D100D2FB4C /* Base */,
			);
			name = LaunchScreen.storyboard;
			sourceTree = "<group>";
		};
/* End PBXVariantGroup section */

/* Begin XCBuildConfiguration section */
		5B99BD672500C3D100D2FB4C /* Debug */ = {
			isa = XCBuildConfiguration;
			buildSettings = {
				ALWAYS_SEARCH_USER_PATHS = NO;
				CLANG_ANALYZER_NONNULL = YES;
				CLANG_ANALYZER_NUMBER_OBJECT_CONVERSION = YES_AGGRESSIVE;
				CLANG_CXX_LANGUAGE_STANDARD = "gnu++14";
				CLANG_CXX_LIBRARY = "libc++";
				CLANG_ENABLE_MODULES = YES;
				CLANG_ENABLE_OBJC_ARC = YES;
				CLANG_ENABLE_OBJC_WEAK = YES;
				CLANG_WARN_BLOCK_CAPTURE_AUTORELEASING = YES;
				CLANG_WARN_BOOL_CONVERSION = YES;
				CLANG_WARN_COMMA = YES;
				CLANG_WARN_CONSTANT_CONVERSION = YES;
				CLANG_WARN_DEPRECATED_OBJC_IMPLEMENTATIONS = YES;
				CLANG_WARN_DIRECT_OBJC_ISA_USAGE = YES_ERROR;
				CLANG_WARN_DOCUMENTATION_COMMENTS = YES;
				CLANG_WARN_EMPTY_BODY = YES;
				CLANG_WARN_ENUM_CONVERSION = YES;
				CLANG_WARN_INFINITE_RECURSION = YES;
				CLANG_WARN_INT_CONVERSION = YES;
				CLANG_WARN_NON_LITERAL_NULL_CONVERSION = YES;
				CLANG_WARN_OBJC_IMPLICIT_RETAIN_SELF = YES;
				CLANG_WARN_OBJC_LITERAL_CONVERSION = YES;
				CLANG_WARN_OBJC_ROOT_CLASS = YES_ERROR;
				CLANG_WARN_RANGE_LOOP_ANALYSIS = YES;
				CLANG_WARN_STRICT_PROTOTYPES = YES;
				CLANG_WARN_SUSPICIOUS_MOVE = YES;
				CLANG_WARN_UNGUARDED_AVAILABILITY = YES_AGGRESSIVE;
				CLANG_WARN_UNREACHABLE_CODE = YES;
				CLANG_WARN__DUPLICATE_METHOD_MATCH = YES;
				COPY_PHASE_STRIP = NO;
				DEBUG_INFORMATION_FORMAT = dwarf;
				ENABLE_STRICT_OBJC_MSGSEND = YES;
				ENABLE_TESTABILITY = YES;
				GCC_C_LANGUAGE_STANDARD = gnu11;
				GCC_DYNAMIC_NO_PIC = NO;
				GCC_NO_COMMON_BLOCKS = YES;
				GCC_OPTIMIZATION_LEVEL = 0;
				GCC_PREPROCESSOR_DEFINITIONS = (
					"DEBUG=1",
					"$(inherited)",
				);
				GCC_WARN_64_TO_32_BIT_CONVERSION = YES;
				GCC_WARN_ABOUT_RETURN_TYPE = YES_ERROR;
				GCC_WARN_UNDECLARED_SELECTOR = YES;
				GCC_WARN_UNINITIALIZED_AUTOS = YES_AGGRESSIVE;
				GCC_WARN_UNUSED_FUNCTION = YES;
				GCC_WARN_UNUSED_VARIABLE = YES;
				IPHONEOS_DEPLOYMENT_TARGET = 13.5;
				MTL_ENABLE_DEBUG_INFO = INCLUDE_SOURCE;
				MTL_FAST_MATH = YES;
				ONLY_ACTIVE_ARCH = YES;
				SDKROOT = iphoneos;
				SWIFT_ACTIVE_COMPILATION_CONDITIONS = DEBUG;
				SWIFT_OPTIMIZATION_LEVEL = "-Onone";
			};
			name = Debug;
		};
		5B99BD682500C3D100D2FB4C /* Release */ = {
			isa = XCBuildConfiguration;
			buildSettings = {
				ALWAYS_SEARCH_USER_PATHS = NO;
				CLANG_ANALYZER_NONNULL = YES;
				CLANG_ANALYZER_NUMBER_OBJECT_CONVERSION = YES_AGGRESSIVE;
				CLANG_CXX_LANGUAGE_STANDARD = "gnu++14";
				CLANG_CXX_LIBRARY = "libc++";
				CLANG_ENABLE_MODULES = YES;
				CLANG_ENABLE_OBJC_ARC = YES;
				CLANG_ENABLE_OBJC_WEAK = YES;
				CLANG_WARN_BLOCK_CAPTURE_AUTORELEASING = YES;
				CLANG_WARN_BOOL_CONVERSION = YES;
				CLANG_WARN_COMMA = YES;
				CLANG_WARN_CONSTANT_CONVERSION = YES;
				CLANG_WARN_DEPRECATED_OBJC_IMPLEMENTATIONS = YES;
				CLANG_WARN_DIRECT_OBJC_ISA_USAGE = YES_ERROR;
				CLANG_WARN_DOCUMENTATION_COMMENTS = YES;
				CLANG_WARN_EMPTY_BODY = YES;
				CLANG_WARN_ENUM_CONVERSION = YES;
				CLANG_WARN_INFINITE_RECURSION = YES;
				CLANG_WARN_INT_CONVERSION = YES;
				CLANG_WARN_NON_LITERAL_NULL_CONVERSION = YES;
				CLANG_WARN_OBJC_IMPLICIT_RETAIN_SELF = YES;
				CLANG_WARN_OBJC_LITERAL_CONVERSION = YES;
				CLANG_WARN_OBJC_ROOT_CLASS = YES_ERROR;
				CLANG_WARN_RANGE_LOOP_ANALYSIS = YES;
				CLANG_WARN_STRICT_PROTOTYPES = YES;
				CLANG_WARN_SUSPICIOUS_MOVE = YES;
				CLANG_WARN_UNGUARDED_AVAILABILITY = YES_AGGRESSIVE;
				CLANG_WARN_UNREACHABLE_CODE = YES;
				CLANG_WARN__DUPLICATE_METHOD_MATCH = YES;
				COPY_PHASE_STRIP = NO;
				DEBUG_INFORMATION_FORMAT = "dwarf-with-dsym";
				ENABLE_NS_ASSERTIONS = NO;
				ENABLE_STRICT_OBJC_MSGSEND = YES;
				GCC_C_LANGUAGE_STANDARD = gnu11;
				GCC_NO_COMMON_BLOCKS = YES;
				GCC_WARN_64_TO_32_BIT_CONVERSION = YES;
				GCC_WARN_ABOUT_RETURN_TYPE = YES_ERROR;
				GCC_WARN_UNDECLARED_SELECTOR = YES;
				GCC_WARN_UNINITIALIZED_AUTOS = YES_AGGRESSIVE;
				GCC_WARN_UNUSED_FUNCTION = YES;
				GCC_WARN_UNUSED_VARIABLE = YES;
				IPHONEOS_DEPLOYMENT_TARGET = 13.5;
				MTL_ENABLE_DEBUG_INFO = NO;
				MTL_FAST_MATH = YES;
				SDKROOT = iphoneos;
				SWIFT_COMPILATION_MODE = wholemodule;
				SWIFT_OPTIMIZATION_LEVEL = "-O";
				VALIDATE_PRODUCT = YES;
			};
			name = Release;
		};
		5B99BD6A2500C3D100D2FB4C /* Debug */ = {
			isa = XCBuildConfiguration;
			buildSettings = {
				ASSETCATALOG_COMPILER_APPICON_NAME = AppIcon;
				CODE_SIGN_STYLE = Automatic;
				DEVELOPMENT_ASSET_PATHS = "\"Weatherly/Preview Content\"";
				DEVELOPMENT_TEAM = W3NDLQ9QNV;
				ENABLE_PREVIEWS = YES;
				INFOPLIST_FILE = Weatherly/Info.plist;
				LD_RUNPATH_SEARCH_PATHS = (
					"$(inherited)",
					"@executable_path/Frameworks",
				);
				PRODUCT_BUNDLE_IDENTIFIER = sk.martinivanco.Weatherly;
				PRODUCT_NAME = "$(TARGET_NAME)";
				SWIFT_VERSION = 5.0;
				TARGETED_DEVICE_FAMILY = "1,2";
			};
			name = Debug;
		};
		5B99BD6B2500C3D100D2FB4C /* Release */ = {
			isa = XCBuildConfiguration;
			buildSettings = {
				ASSETCATALOG_COMPILER_APPICON_NAME = AppIcon;
				CODE_SIGN_STYLE = Automatic;
				DEVELOPMENT_ASSET_PATHS = "\"Weatherly/Preview Content\"";
				DEVELOPMENT_TEAM = W3NDLQ9QNV;
				ENABLE_PREVIEWS = YES;
				INFOPLIST_FILE = Weatherly/Info.plist;
				LD_RUNPATH_SEARCH_PATHS = (
					"$(inherited)",
					"@executable_path/Frameworks",
				);
				PRODUCT_BUNDLE_IDENTIFIER = sk.martinivanco.Weatherly;
				PRODUCT_NAME = "$(TARGET_NAME)";
				SWIFT_VERSION = 5.0;
				TARGETED_DEVICE_FAMILY = "1,2";
			};
			name = Release;
		};
/* End XCBuildConfiguration section */

/* Begin XCConfigurationList section */
		5B99BD4D2500C3CE00D2FB4C /* Build configuration list for PBXProject "Weatherly" */ = {
			isa = XCConfigurationList;
			buildConfigurations = (
				5B99BD672500C3D100D2FB4C /* Debug */,
				5B99BD682500C3D100D2FB4C /* Release */,
			);
			defaultConfigurationIsVisible = 0;
			defaultConfigurationName = Release;
		};
		5B99BD692500C3D100D2FB4C /* Build configuration list for PBXNativeTarget "Weatherly" */ = {
			isa = XCConfigurationList;
			buildConfigurations = (
				5B99BD6A2500C3D100D2FB4C /* Debug */,
				5B99BD6B2500C3D100D2FB4C /* Release */,
			);
			defaultConfigurationIsVisible = 0;
			defaultConfigurationName = Release;
		};
/* End XCConfigurationList section */

/* Begin XCVersionGroup section */
		5B99BD592500C3CE00D2FB4C /* Weatherly.xcdatamodeld */ = {
			isa = XCVersionGroup;
			children = (
				5B99BD5A2500C3CE00D2FB4C /* Weatherly.xcdatamodel */,
			);
			currentVersion = 5B99BD5A2500C3CE00D2FB4C /* Weatherly.xcdatamodel */;
			path = Weatherly.xcdatamodeld;
			sourceTree = "<group>";
			versionGroupType = wrapper.xcdatamodel;
		};
/* End XCVersionGroup section */
	};
	rootObject = 5B99BD4A2500C3CE00D2FB4C /* Project object */;
}
